
Microsoft Visual Studio Solution File, Format Version 12.00
# Visual Studio 2013
VisualStudioVersion = 12.0.31101.0
MinimumVisualStudioVersion = 10.0.40219.1
Project("{FAE04EC0-301F-11D3-BF4B-00C04F79EFBC}") = "Simultanio", "Simultanio\Simultanio.csproj", "{B920AA98-055D-45A9-811C-425C823163A0}"
EndProject
Project("{FAE04EC0-301F-11D3-BF4B-00C04F79EFBC}") = "Simultanio-Mac", "Simultanio-Mac\Simultanio-Mac.csproj", "{40A97D68-B986-4E1F-B0B4-E83CF05A774A}"
EndProject
Project("{FAE04EC0-301F-11D3-BF4B-00C04F79EFBC}") = "Simultanio-iOS", "Simultanio-iOS\Simultanio-iOS.csproj", "{A51785A5-AC40-432E-BDE8-31573FF3498E}"
EndProject
Project("{FAE04EC0-301F-11D3-BF4B-00C04F79EFBC}") = "Simultanio-Console", "Simultanio-Console\Simultanio-Console.csproj", "{DCF09F96-62EE-4B49-9EDF-0A9491B75D46}"
EndProject
Global
	GlobalSection(SolutionConfigurationPlatforms) = preSolution
		Ad-Hoc|Any CPU = Ad-Hoc|Any CPU
		Ad-Hoc|iPhone = Ad-Hoc|iPhone
		Ad-Hoc|iPhoneSimulator = Ad-Hoc|iPhoneSimulator
		AppStore|Any CPU = AppStore|Any CPU
		AppStore|iPhone = AppStore|iPhone
		AppStore|iPhoneSimulator = AppStore|iPhoneSimulator
		Debug|Any CPU = Debug|Any CPU
		Debug|iPhone = Debug|iPhone
		Debug|iPhoneSimulator = Debug|iPhoneSimulator
		Release|Any CPU = Release|Any CPU
		Release|iPhone = Release|iPhone
		Release|iPhoneSimulator = Release|iPhoneSimulator
	EndGlobalSection
	GlobalSection(ProjectConfigurationPlatforms) = postSolution
		{B920AA98-055D-45A9-811C-425C823163A0}.Ad-Hoc|Any CPU.ActiveCfg = Release|Any CPU
		{B920AA98-055D-45A9-811C-425C823163A0}.Ad-Hoc|Any CPU.Build.0 = Release|Any CPU
		{B920AA98-055D-45A9-811C-425C823163A0}.Ad-Hoc|iPhone.ActiveCfg = Debug|Any CPU
		{B920AA98-055D-45A9-811C-425C823163A0}.Ad-Hoc|iPhone.Build.0 = Debug|Any CPU
		{B920AA98-055D-45A9-811C-425C823163A0}.Ad-Hoc|iPhoneSimulator.ActiveCfg = Release|Any CPU
		{B920AA98-055D-45A9-811C-425C823163A0}.AppStore|Any CPU.ActiveCfg = Debug|Any CPU
		{B920AA98-055D-45A9-811C-425C823163A0}.AppStore|Any CPU.Build.0 = Debug|Any CPU
		{B920AA98-055D-45A9-811C-425C823163A0}.AppStore|iPhone.ActiveCfg = Debug|Any CPU
		{B920AA98-055D-45A9-811C-425C823163A0}.AppStore|iPhone.Build.0 = Debug|Any CPU
		{B920AA98-055D-45A9-811C-425C823163A0}.AppStore|iPhoneSimulator.ActiveCfg = Release|Any CPU
		{B920AA98-055D-45A9-811C-425C823163A0}.Debug|Any CPU.ActiveCfg = Debug|Any CPU
		{B920AA98-055D-45A9-811C-425C823163A0}.Debug|Any CPU.Build.0 = Debug|Any CPU
		{B920AA98-055D-45A9-811C-425C823163A0}.Debug|iPhone.ActiveCfg = Debug|Any CPU
		{B920AA98-055D-45A9-811C-425C823163A0}.Debug|iPhone.Build.0 = Debug|Any CPU
		{B920AA98-055D-45A9-811C-425C823163A0}.Debug|iPhoneSimulator.ActiveCfg = Debug|Any CPU
		{B920AA98-055D-45A9-811C-425C823163A0}.Debug|iPhoneSimulator.Build.0 = Debug|Any CPU
		{B920AA98-055D-45A9-811C-425C823163A0}.Release|Any CPU.ActiveCfg = Release|Any CPU
		{B920AA98-055D-45A9-811C-425C823163A0}.Release|Any CPU.Build.0 = Release|Any CPU
		{B920AA98-055D-45A9-811C-425C823163A0}.Release|iPhone.ActiveCfg = Release|Any CPU
		{B920AA98-055D-45A9-811C-425C823163A0}.Release|iPhone.Build.0 = Release|Any CPU
		{B920AA98-055D-45A9-811C-425C823163A0}.Release|iPhoneSimulator.ActiveCfg = Release|Any CPU
		{B920AA98-055D-45A9-811C-425C823163A0}.Release|iPhoneSimulator.Build.0 = Release|Any CPU
		{40A97D68-B986-4E1F-B0B4-E83CF05A774A}.Ad-Hoc|Any CPU.ActiveCfg = AppStore|Any CPU
		{40A97D68-B986-4E1F-B0B4-E83CF05A774A}.Ad-Hoc|iPhone.ActiveCfg = Debug|Any CPU
		{40A97D68-B986-4E1F-B0B4-E83CF05A774A}.Ad-Hoc|iPhone.Build.0 = Debug|Any CPU
		{40A97D68-B986-4E1F-B0B4-E83CF05A774A}.Ad-Hoc|iPhoneSimulator.ActiveCfg = AppStore|Any CPU
		{40A97D68-B986-4E1F-B0B4-E83CF05A774A}.AppStore|Any CPU.ActiveCfg = AppStore|Any CPU
		{40A97D68-B986-4E1F-B0B4-E83CF05A774A}.AppStore|Any CPU.Build.0 = AppStore|Any CPU
		{40A97D68-B986-4E1F-B0B4-E83CF05A774A}.AppStore|iPhone.ActiveCfg = AppStore|Any CPU
		{40A97D68-B986-4E1F-B0B4-E83CF05A774A}.AppStore|iPhone.Build.0 = AppStore|Any CPU
		{40A97D68-B986-4E1F-B0B4-E83CF05A774A}.AppStore|iPhoneSimulator.ActiveCfg = AppStore|Any CPU
		{40A97D68-B986-4E1F-B0B4-E83CF05A774A}.Debug|Any CPU.ActiveCfg = Debug|Any CPU
		{40A97D68-B986-4E1F-B0B4-E83CF05A774A}.Debug|Any CPU.Build.0 = Debug|Any CPU
		{40A97D68-B986-4E1F-B0B4-E83CF05A774A}.Debug|iPhone.ActiveCfg = Debug|Any CPU
		{40A97D68-B986-4E1F-B0B4-E83CF05A774A}.Debug|iPhone.Build.0 = Debug|Any CPU
		{40A97D68-B986-4E1F-B0B4-E83CF05A774A}.Debug|iPhoneSimulator.ActiveCfg = Debug|Any CPU
		{40A97D68-B986-4E1F-B0B4-E83CF05A774A}.Debug|iPhoneSimulator.Build.0 = Debug|Any CPU
		{40A97D68-B986-4E1F-B0B4-E83CF05A774A}.Release|Any CPU.ActiveCfg = Release|Any CPU
		{40A97D68-B986-4E1F-B0B4-E83CF05A774A}.Release|Any CPU.Build.0 = Release|Any CPU
		{40A97D68-B986-4E1F-B0B4-E83CF05A774A}.Release|iPhone.ActiveCfg = Release|Any CPU
		{40A97D68-B986-4E1F-B0B4-E83CF05A774A}.Release|iPhone.Build.0 = Release|Any CPU
		{40A97D68-B986-4E1F-B0B4-E83CF05A774A}.Release|iPhoneSimulator.ActiveCfg = Release|Any CPU
		{40A97D68-B986-4E1F-B0B4-E83CF05A774A}.Release|iPhoneSimulator.Build.0 = Release|Any CPU
		{A51785A5-AC40-432E-BDE8-31573FF3498E}.Ad-Hoc|Any CPU.ActiveCfg = Ad-Hoc|iPhoneSimulator
		{A51785A5-AC40-432E-BDE8-31573FF3498E}.Ad-Hoc|iPhone.ActiveCfg = Ad-Hoc|iPhone
		{A51785A5-AC40-432E-BDE8-31573FF3498E}.Ad-Hoc|iPhone.Build.0 = Ad-Hoc|iPhone
		{A51785A5-AC40-432E-BDE8-31573FF3498E}.Ad-Hoc|iPhoneSimulator.ActiveCfg = Ad-Hoc|iPhoneSimulator
		{A51785A5-AC40-432E-BDE8-31573FF3498E}.Ad-Hoc|iPhoneSimulator.Build.0 = Ad-Hoc|iPhoneSimulator
		{A51785A5-AC40-432E-BDE8-31573FF3498E}.AppStore|Any CPU.ActiveCfg = AppStore|iPhone
		{A51785A5-AC40-432E-BDE8-31573FF3498E}.AppStore|Any CPU.Build.0 = AppStore|iPhone
		{A51785A5-AC40-432E-BDE8-31573FF3498E}.AppStore|iPhone.ActiveCfg = AppStore|iPhone
		{A51785A5-AC40-432E-BDE8-31573FF3498E}.AppStore|iPhone.Build.0 = AppStore|iPhone
		{A51785A5-AC40-432E-BDE8-31573FF3498E}.AppStore|iPhoneSimulator.ActiveCfg = AppStore|iPhoneSimulator
		{A51785A5-AC40-432E-BDE8-31573FF3498E}.AppStore|iPhoneSimulator.Build.0 = AppStore|iPhoneSimulator
		{A51785A5-AC40-432E-BDE8-31573FF3498E}.Debug|Any CPU.ActiveCfg = Debug|iPhoneSimulator
		{A51785A5-AC40-432E-BDE8-31573FF3498E}.Debug|Any CPU.Build.0 = Debug|iPhoneSimulator
		{A51785A5-AC40-432E-BDE8-31573FF3498E}.Debug|iPhone.ActiveCfg = Debug|iPhone
		{A51785A5-AC40-432E-BDE8-31573FF3498E}.Debug|iPhone.Build.0 = Debug|iPhone
		{A51785A5-AC40-432E-BDE8-31573FF3498E}.Debug|iPhoneSimulator.ActiveCfg = Debug|iPhoneSimulator
		{A51785A5-AC40-432E-BDE8-31573FF3498E}.Debug|iPhoneSimulator.Build.0 = Debug|iPhoneSimulator
		{A51785A5-AC40-432E-BDE8-31573FF3498E}.Release|Any CPU.ActiveCfg = Release|iPhoneSimulator
		{A51785A5-AC40-432E-BDE8-31573FF3498E}.Release|Any CPU.Build.0 = Release|iPhoneSimulator
		{A51785A5-AC40-432E-BDE8-31573FF3498E}.Release|iPhone.ActiveCfg = Release|iPhone
		{A51785A5-AC40-432E-BDE8-31573FF3498E}.Release|iPhone.Build.0 = Release|iPhone
		{A51785A5-AC40-432E-BDE8-31573FF3498E}.Release|iPhoneSimulator.ActiveCfg = Release|iPhoneSimulator
		{A51785A5-AC40-432E-BDE8-31573FF3498E}.Release|iPhoneSimulator.Build.0 = Release|iPhoneSimulator
		{DCF09F96-62EE-4B49-9EDF-0A9491B75D46}.Ad-Hoc|Any CPU.ActiveCfg = Release|Any CPU
		{DCF09F96-62EE-4B49-9EDF-0A9491B75D46}.Ad-Hoc|Any CPU.Build.0 = Release|Any CPU
		{DCF09F96-62EE-4B49-9EDF-0A9491B75D46}.Ad-Hoc|iPhone.ActiveCfg = Debug|Any CPU
		{DCF09F96-62EE-4B49-9EDF-0A9491B75D46}.Ad-Hoc|iPhone.Build.0 = Debug|Any CPU
		{DCF09F96-62EE-4B49-9EDF-0A9491B75D46}.Ad-Hoc|iPhoneSimulator.ActiveCfg = Release|Any CPU
		{DCF09F96-62EE-4B49-9EDF-0A9491B75D46}.AppStore|Any CPU.ActiveCfg = Debug|Any CPU
		{DCF09F96-62EE-4B49-9EDF-0A9491B75D46}.AppStore|Any CPU.Build.0 = Debug|Any CPU
		{DCF09F96-62EE-4B49-9EDF-0A9491B75D46}.AppStore|iPhone.ActiveCfg = Debug|Any CPU
		{DCF09F96-62EE-4B49-9EDF-0A9491B75D46}.AppStore|iPhone.Build.0 = Debug|Any CPU
		{DCF09F96-62EE-4B49-9EDF-0A9491B75D46}.AppStore|iPhoneSimulator.ActiveCfg = Release|Any CPU
		{DCF09F96-62EE-4B49-9EDF-0A9491B75D46}.Debug|Any CPU.ActiveCfg = Debug|Any CPU
		{DCF09F96-62EE-4B49-9EDF-0A9491B75D46}.Debug|Any CPU.Build.0 = Debug|Any CPU
		{DCF09F96-62EE-4B49-9EDF-0A9491B75D46}.Debug|iPhone.ActiveCfg = Debug|Any CPU
		{DCF09F96-62EE-4B49-9EDF-0A9491B75D46}.Debug|iPhone.Build.0 = Debug|Any CPU
		{DCF09F96-62EE-4B49-9EDF-0A9491B75D46}.Debug|iPhoneSimulator.ActiveCfg = Debug|Any CPU
		{DCF09F96-62EE-4B49-9EDF-0A9491B75D46}.Debug|iPhoneSimulator.Build.0 = Debug|Any CPU
		{DCF09F96-62EE-4B49-9EDF-0A9491B75D46}.Release|Any CPU.ActiveCfg = Release|Any CPU
		{DCF09F96-62EE-4B49-9EDF-0A9491B75D46}.Release|Any CPU.Build.0 = Release|Any CPU
		{DCF09F96-62EE-4B49-9EDF-0A9491B75D46}.Release|iPhone.ActiveCfg = Release|Any CPU
		{DCF09F96-62EE-4B49-9EDF-0A9491B75D46}.Release|iPhone.Build.0 = Release|Any CPU
		{DCF09F96-62EE-4B49-9EDF-0A9491B75D46}.Release|iPhoneSimulator.ActiveCfg = Release|Any CPU
		{DCF09F96-62EE-4B49-9EDF-0A9491B75D46}.Release|iPhoneSimulator.Build.0 = Release|Any CPU
	EndGlobalSection
	GlobalSection(SolutionProperties) = preSolution
		HideSolutionNode = FALSE
	EndGlobalSection
EndGlobal
