
Microsoft Visual Studio Solution File, Format Version 12.00
# Visual Studio 2012
VisualStudioVersion = 12.0.31101.0
MinimumVisualStudioVersion = 10.0.40219.1
Project("{FAE04EC0-301F-11D3-BF4B-00C04F79EFBC}") = "Simultanio", "Simultanio\Simultanio.csproj", "{B920AA98-055D-45A9-811C-425C823163A0}"
EndProject
Project("{FAE04EC0-301F-11D3-BF4B-00C04F79EFBC}") = "Simultanio_Mac", "Simultanio_Mac\Simultanio_Mac.csproj", "{0D551ABE-6562-4678-9782-B8583AF48B04}"
EndProject
Project("{FAE04EC0-301F-11D3-BF4B-00C04F79EFBC}") = "Simultanio_iPhone", "Simultanio_iPhone\Simultanio_iPhone.csproj", "{543BF084-D8AD-407B-875D-40D25854518F}"
EndProject
Project("{FAE04EC0-301F-11D3-BF4B-00C04F79EFBC}") = "Simultanio_Console", "Simultanio_Console\Simultanio_Console.csproj", "{A9F76C7F-A667-4C96-AF29-D537F3EDF9D6}"
EndProject
Global
	GlobalSection(SolutionConfigurationPlatforms) = preSolution
		Ad-Hoc|Any CPU = Ad-Hoc|Any CPU
		Ad-Hoc|iPhone = Ad-Hoc|iPhone
		Ad-Hoc|iPhoneSimulator = Ad-Hoc|iPhoneSimulator
		AppStore|Any CPU = AppStore|Any CPU
		AppStore|iPhone = AppStore|iPhone
		AppStore|iPhoneSimulator = AppStore|iPhoneSimulator
		Debug|Any CPU = Debug|Any CPU
		Debug|iPhone = Debug|iPhone
		Debug|iPhoneSimulator = Debug|iPhoneSimulator
		Release|Any CPU = Release|Any CPU
		Release|iPhone = Release|iPhone
		Release|iPhoneSimulator = Release|iPhoneSimulator
	EndGlobalSection
	GlobalSection(ProjectConfigurationPlatforms) = postSolution
		{0D551ABE-6562-4678-9782-B8583AF48B04}.Ad-Hoc|Any CPU.ActiveCfg = AppStore|Any CPU
		{0D551ABE-6562-4678-9782-B8583AF48B04}.Ad-Hoc|Any CPU.Build.0 = AppStore|Any CPU
		{0D551ABE-6562-4678-9782-B8583AF48B04}.Ad-Hoc|iPhone.ActiveCfg = Debug|Any CPU
		{0D551ABE-6562-4678-9782-B8583AF48B04}.Ad-Hoc|iPhone.Build.0 = Debug|Any CPU
		{0D551ABE-6562-4678-9782-B8583AF48B04}.Ad-Hoc|iPhoneSimulator.ActiveCfg = AppStore|Any CPU
		{0D551ABE-6562-4678-9782-B8583AF48B04}.Ad-Hoc|iPhoneSimulator.Build.0 = AppStore|Any CPU
		{0D551ABE-6562-4678-9782-B8583AF48B04}.AppStore|Any CPU.ActiveCfg = AppStore|Any CPU
		{0D551ABE-6562-4678-9782-B8583AF48B04}.AppStore|Any CPU.Build.0 = AppStore|Any CPU
		{0D551ABE-6562-4678-9782-B8583AF48B04}.AppStore|iPhone.ActiveCfg = AppStore|Any CPU
		{0D551ABE-6562-4678-9782-B8583AF48B04}.AppStore|iPhone.Build.0 = AppStore|Any CPU
		{0D551ABE-6562-4678-9782-B8583AF48B04}.AppStore|iPhoneSimulator.ActiveCfg = AppStore|Any CPU
		{0D551ABE-6562-4678-9782-B8583AF48B04}.AppStore|iPhoneSimulator.Build.0 = AppStore|Any CPU
		{0D551ABE-6562-4678-9782-B8583AF48B04}.Debug|Any CPU.ActiveCfg = Debug|Any CPU
		{0D551ABE-6562-4678-9782-B8583AF48B04}.Debug|Any CPU.Build.0 = Debug|Any CPU
		{0D551ABE-6562-4678-9782-B8583AF48B04}.Debug|iPhone.ActiveCfg = Debug|Any CPU
		{0D551ABE-6562-4678-9782-B8583AF48B04}.Debug|iPhone.Build.0 = Debug|Any CPU
		{0D551ABE-6562-4678-9782-B8583AF48B04}.Debug|iPhoneSimulator.ActiveCfg = Debug|Any CPU
		{0D551ABE-6562-4678-9782-B8583AF48B04}.Debug|iPhoneSimulator.Build.0 = Debug|Any CPU
		{0D551ABE-6562-4678-9782-B8583AF48B04}.Release|Any CPU.ActiveCfg = Release|Any CPU
		{0D551ABE-6562-4678-9782-B8583AF48B04}.Release|Any CPU.Build.0 = Release|Any CPU
		{0D551ABE-6562-4678-9782-B8583AF48B04}.Release|iPhone.ActiveCfg = Release|Any CPU
		{0D551ABE-6562-4678-9782-B8583AF48B04}.Release|iPhone.Build.0 = Release|Any CPU
		{0D551ABE-6562-4678-9782-B8583AF48B04}.Release|iPhoneSimulator.ActiveCfg = Release|Any CPU
		{0D551ABE-6562-4678-9782-B8583AF48B04}.Release|iPhoneSimulator.Build.0 = Release|Any CPU
		{543BF084-D8AD-407B-875D-40D25854518F}.Ad-Hoc|Any CPU.ActiveCfg = Ad-Hoc|iPhone
		{543BF084-D8AD-407B-875D-40D25854518F}.Ad-Hoc|Any CPU.Build.0 = Ad-Hoc|iPhone
		{543BF084-D8AD-407B-875D-40D25854518F}.Ad-Hoc|iPhone.ActiveCfg = Ad-Hoc|iPhone
		{543BF084-D8AD-407B-875D-40D25854518F}.Ad-Hoc|iPhone.Build.0 = Ad-Hoc|iPhone
		{543BF084-D8AD-407B-875D-40D25854518F}.Ad-Hoc|iPhoneSimulator.ActiveCfg = Debug|iPhoneSimulator
		{543BF084-D8AD-407B-875D-40D25854518F}.Ad-Hoc|iPhoneSimulator.Build.0 = Debug|iPhoneSimulator
		{543BF084-D8AD-407B-875D-40D25854518F}.AppStore|Any CPU.ActiveCfg = AppStore|iPhone
		{543BF084-D8AD-407B-875D-40D25854518F}.AppStore|Any CPU.Build.0 = AppStore|iPhone
		{543BF084-D8AD-407B-875D-40D25854518F}.AppStore|iPhone.ActiveCfg = AppStore|iPhone
		{543BF084-D8AD-407B-875D-40D25854518F}.AppStore|iPhone.Build.0 = AppStore|iPhone
		{543BF084-D8AD-407B-875D-40D25854518F}.AppStore|iPhoneSimulator.ActiveCfg = Debug|iPhoneSimulator
		{543BF084-D8AD-407B-875D-40D25854518F}.AppStore|iPhoneSimulator.Build.0 = Debug|iPhoneSimulator
		{543BF084-D8AD-407B-875D-40D25854518F}.Debug|Any CPU.ActiveCfg = Debug|iPhoneSimulator
		{543BF084-D8AD-407B-875D-40D25854518F}.Debug|Any CPU.Build.0 = Debug|iPhoneSimulator
		{543BF084-D8AD-407B-875D-40D25854518F}.Debug|iPhone.ActiveCfg = Debug|iPhone
		{543BF084-D8AD-407B-875D-40D25854518F}.Debug|iPhone.Build.0 = Debug|iPhone
		{543BF084-D8AD-407B-875D-40D25854518F}.Debug|iPhoneSimulator.ActiveCfg = Debug|iPhoneSimulator
		{543BF084-D8AD-407B-875D-40D25854518F}.Debug|iPhoneSimulator.Build.0 = Debug|iPhoneSimulator
		{543BF084-D8AD-407B-875D-40D25854518F}.Release|Any CPU.ActiveCfg = Release|iPhoneSimulator
		{543BF084-D8AD-407B-875D-40D25854518F}.Release|Any CPU.Build.0 = Release|iPhoneSimulator
		{543BF084-D8AD-407B-875D-40D25854518F}.Release|iPhone.ActiveCfg = Release|iPhone
		{543BF084-D8AD-407B-875D-40D25854518F}.Release|iPhone.Build.0 = Release|iPhone
		{543BF084-D8AD-407B-875D-40D25854518F}.Release|iPhoneSimulator.ActiveCfg = Release|iPhoneSimulator
		{543BF084-D8AD-407B-875D-40D25854518F}.Release|iPhoneSimulator.Build.0 = Release|iPhoneSimulator
		{A9F76C7F-A667-4C96-AF29-D537F3EDF9D6}.Ad-Hoc|Any CPU.ActiveCfg = Release|Any CPU
		{A9F76C7F-A667-4C96-AF29-D537F3EDF9D6}.Ad-Hoc|Any CPU.Build.0 = Release|Any CPU
		{A9F76C7F-A667-4C96-AF29-D537F3EDF9D6}.Ad-Hoc|iPhone.ActiveCfg = Debug|Any CPU
		{A9F76C7F-A667-4C96-AF29-D537F3EDF9D6}.Ad-Hoc|iPhone.Build.0 = Debug|Any CPU
		{A9F76C7F-A667-4C96-AF29-D537F3EDF9D6}.Ad-Hoc|iPhoneSimulator.ActiveCfg = Release|Any CPU
		{A9F76C7F-A667-4C96-AF29-D537F3EDF9D6}.Ad-Hoc|iPhoneSimulator.Build.0 = Release|Any CPU
		{A9F76C7F-A667-4C96-AF29-D537F3EDF9D6}.AppStore|Any CPU.ActiveCfg = Release|Any CPU
		{A9F76C7F-A667-4C96-AF29-D537F3EDF9D6}.AppStore|Any CPU.Build.0 = Release|Any CPU
		{A9F76C7F-A667-4C96-AF29-D537F3EDF9D6}.AppStore|iPhone.ActiveCfg = Release|Any CPU
		{A9F76C7F-A667-4C96-AF29-D537F3EDF9D6}.AppStore|iPhone.Build.0 = Release|Any CPU
		{A9F76C7F-A667-4C96-AF29-D537F3EDF9D6}.AppStore|iPhoneSimulator.ActiveCfg = Release|Any CPU
		{A9F76C7F-A667-4C96-AF29-D537F3EDF9D6}.AppStore|iPhoneSimulator.Build.0 = Release|Any CPU
		{A9F76C7F-A667-4C96-AF29-D537F3EDF9D6}.Debug|Any CPU.ActiveCfg = Debug|Any CPU
		{A9F76C7F-A667-4C96-AF29-D537F3EDF9D6}.Debug|Any CPU.Build.0 = Debug|Any CPU
		{A9F76C7F-A667-4C96-AF29-D537F3EDF9D6}.Debug|iPhone.ActiveCfg = Debug|Any CPU
		{A9F76C7F-A667-4C96-AF29-D537F3EDF9D6}.Debug|iPhone.Build.0 = Debug|Any CPU
		{A9F76C7F-A667-4C96-AF29-D537F3EDF9D6}.Debug|iPhoneSimulator.ActiveCfg = Debug|Any CPU
		{A9F76C7F-A667-4C96-AF29-D537F3EDF9D6}.Debug|iPhoneSimulator.Build.0 = Debug|Any CPU
		{A9F76C7F-A667-4C96-AF29-D537F3EDF9D6}.Release|Any CPU.ActiveCfg = Release|Any CPU
		{A9F76C7F-A667-4C96-AF29-D537F3EDF9D6}.Release|Any CPU.Build.0 = Release|Any CPU
		{A9F76C7F-A667-4C96-AF29-D537F3EDF9D6}.Release|iPhone.ActiveCfg = Release|Any CPU
		{A9F76C7F-A667-4C96-AF29-D537F3EDF9D6}.Release|iPhone.Build.0 = Release|Any CPU
		{A9F76C7F-A667-4C96-AF29-D537F3EDF9D6}.Release|iPhoneSimulator.ActiveCfg = Release|Any CPU
		{A9F76C7F-A667-4C96-AF29-D537F3EDF9D6}.Release|iPhoneSimulator.Build.0 = Release|Any CPU
		{B920AA98-055D-45A9-811C-425C823163A0}.Ad-Hoc|Any CPU.ActiveCfg = Release|Any CPU
		{B920AA98-055D-45A9-811C-425C823163A0}.Ad-Hoc|Any CPU.Build.0 = Release|Any CPU
		{B920AA98-055D-45A9-811C-425C823163A0}.Ad-Hoc|iPhone.ActiveCfg = Debug|Any CPU
		{B920AA98-055D-45A9-811C-425C823163A0}.Ad-Hoc|iPhone.Build.0 = Debug|Any CPU
		{B920AA98-055D-45A9-811C-425C823163A0}.Ad-Hoc|iPhoneSimulator.ActiveCfg = Release|Any CPU
		{B920AA98-055D-45A9-811C-425C823163A0}.AppStore|Any CPU.ActiveCfg = Debug|Any CPU
		{B920AA98-055D-45A9-811C-425C823163A0}.AppStore|Any CPU.Build.0 = Debug|Any CPU
		{B920AA98-055D-45A9-811C-425C823163A0}.AppStore|iPhone.ActiveCfg = Debug|Any CPU
		{B920AA98-055D-45A9-811C-425C823163A0}.AppStore|iPhone.Build.0 = Debug|Any CPU
		{B920AA98-055D-45A9-811C-425C823163A0}.AppStore|iPhoneSimulator.ActiveCfg = Release|Any CPU
		{B920AA98-055D-45A9-811C-425C823163A0}.Debug|Any CPU.ActiveCfg = Debug|Any CPU
		{B920AA98-055D-45A9-811C-425C823163A0}.Debug|Any CPU.Build.0 = Debug|Any CPU
		{B920AA98-055D-45A9-811C-425C823163A0}.Debug|iPhone.ActiveCfg = Debug|Any CPU
		{B920AA98-055D-45A9-811C-425C823163A0}.Debug|iPhone.Build.0 = Debug|Any CPU
		{B920AA98-055D-45A9-811C-425C823163A0}.Debug|iPhoneSimulator.ActiveCfg = Debug|Any CPU
		{B920AA98-055D-45A9-811C-425C823163A0}.Debug|iPhoneSimulator.Build.0 = Debug|Any CPU
		{B920AA98-055D-45A9-811C-425C823163A0}.Release|Any CPU.ActiveCfg = Release|Any CPU
		{B920AA98-055D-45A9-811C-425C823163A0}.Release|Any CPU.Build.0 = Release|Any CPU
		{B920AA98-055D-45A9-811C-425C823163A0}.Release|iPhone.ActiveCfg = Release|Any CPU
		{B920AA98-055D-45A9-811C-425C823163A0}.Release|iPhone.Build.0 = Release|Any CPU
		{B920AA98-055D-45A9-811C-425C823163A0}.Release|iPhoneSimulator.ActiveCfg = Release|Any CPU
		{B920AA98-055D-45A9-811C-425C823163A0}.Release|iPhoneSimulator.Build.0 = Release|Any CPU
	EndGlobalSection
	GlobalSection(SolutionProperties) = preSolution
		HideSolutionNode = FALSE
	EndGlobalSection
EndGlobal
